
Microsoft Visual Studio Solution File, Format Version 12.00
# Visual Studio Version 17
VisualStudioVersion = 17.13.35931.197
MinimumVisualStudioVersion = 10.0.40219.1
Project("{FAE04EC0-301F-11D3-BF4B-00C04F79EFBC}") = "IMPULS Desktop", "IMPULS Desktop.csproj", "{39954942-16D4-4DD6-8821-8FF9C04589C6}"
EndProject
Project("{FAE04EC0-301F-11D3-BF4B-00C04F79EFBC}") = "IMPULS.Tests", "..\IMPULS.Tests\IMPULS.Tests.csproj", "{3FB5C57F-42AB-4126-B248-17EF1EE024A1}"
EndProject
Global
	GlobalSection(SolutionConfigurationPlatforms) = preSolution
		Debug|Any CPU = Debug|Any CPU
		Release|Any CPU = Release|Any CPU
	EndGlobalSection
	GlobalSection(ProjectConfigurationPlatforms) = postSolution
		{39954942-16D4-4DD6-8821-8FF9C04589C6}.Debug|Any CPU.ActiveCfg = Debug|Any CPU
		{39954942-16D4-4DD6-8821-8FF9C04589C6}.Debug|Any CPU.Build.0 = Debug|Any CPU
		{39954942-16D4-4DD6-8821-8FF9C04589C6}.Release|Any CPU.ActiveCfg = Release|Any CPU
		{39954942-16D4-4DD6-8821-8FF9C04589C6}.Release|Any CPU.Build.0 = Release|Any CPU
		{3FB5C57F-42AB-4126-B248-17EF1EE024A1}.Debug|Any CPU.ActiveCfg = Debug|Any CPU
		{3FB5C57F-42AB-4126-B248-17EF1EE024A1}.Debug|Any CPU.Build.0 = Debug|Any CPU
		{3FB5C57F-42AB-4126-B248-17EF1EE024A1}.Release|Any CPU.ActiveCfg = Release|Any CPU
		{3FB5C57F-42AB-4126-B248-17EF1EE024A1}.Release|Any CPU.Build.0 = Release|Any CPU
	EndGlobalSection
	GlobalSection(SolutionProperties) = preSolution
		HideSolutionNode = FALSE
	EndGlobalSection
	GlobalSection(ExtensibilityGlobals) = postSolution
		SolutionGuid = {9C61702E-D493-48CC-B0B3-79E45CC8F7C4}
	EndGlobalSection
EndGlobal
